
Microsoft Visual Studio Solution File, Format Version 12.00
# Visual Studio Version 16
VisualStudioVersion = 16.0.30320.27
MinimumVisualStudioVersion = 10.0.40219.1
Project("{FAE04EC0-301F-11D3-BF4B-00C04F79EFBC}") = "LinearSearch", "LinearSearch\LinearSearch.csproj", "{D96C41CB-D446-4174-BDB4-8306C2BB4193}"
EndProject
Global
	GlobalSection(SolutionConfigurationPlatforms) = preSolution
		Debug|Any CPU = Debug|Any CPU
		Release|Any CPU = Release|Any CPU
	EndGlobalSection
	GlobalSection(ProjectConfigurationPlatforms) = postSolution
		{D96C41CB-D446-4174-BDB4-8306C2BB4193}.Debug|Any CPU.ActiveCfg = Debug|Any CPU
		{D96C41CB-D446-4174-BDB4-8306C2BB4193}.Debug|Any CPU.Build.0 = Debug|Any CPU
		{D96C41CB-D446-4174-BDB4-8306C2BB4193}.Release|Any CPU.ActiveCfg = Release|Any CPU
		{D96C41CB-D446-4174-BDB4-8306C2BB4193}.Release|Any CPU.Build.0 = Release|Any CPU
	EndGlobalSection
	GlobalSection(SolutionProperties) = preSolution
		HideSolutionNode = FALSE
	EndGlobalSection
	GlobalSection(ExtensibilityGlobals) = postSolution
		SolutionGuid = {1153619A-AEAC-41BF-843C-39A27B99098F}
	EndGlobalSection
EndGlobal
